
Microsoft Visual Studio Solution File, Format Version 12.00
# Visual Studio Version 17
VisualStudioVersion = 17.10.35004.147
MinimumVisualStudioVersion = 10.0.40219.1
Project("{FAE04EC0-301F-11D3-BF4B-00C04F79EFBC}") = "eShop", "eShop\eShop.csproj", "{0E66FA99-806B-4AD5-99EB-E5F131FD54E8}"
EndProject
Global
	GlobalSection(SolutionConfigurationPlatforms) = preSolution
		Debug|Any CPU = Debug|Any CPU
		Release|Any CPU = Release|Any CPU
	EndGlobalSection
	GlobalSection(ProjectConfigurationPlatforms) = postSolution
		{0E66FA99-806B-4AD5-99EB-E5F131FD54E8}.Debug|Any CPU.ActiveCfg = Debug|Any CPU
		{0E66FA99-806B-4AD5-99EB-E5F131FD54E8}.Debug|Any CPU.Build.0 = Debug|Any CPU
		{0E66FA99-806B-4AD5-99EB-E5F131FD54E8}.Release|Any CPU.ActiveCfg = Release|Any CPU
		{0E66FA99-806B-4AD5-99EB-E5F131FD54E8}.Release|Any CPU.Build.0 = Release|Any CPU
	EndGlobalSection
	GlobalSection(SolutionProperties) = preSolution
		HideSolutionNode = FALSE
	EndGlobalSection
	GlobalSection(ExtensibilityGlobals) = postSolution
		SolutionGuid = {AA3CA32F-A371-40ED-8736-344E6B8DDEA1}
	EndGlobalSection
EndGlobal
