<Solution>
  <Folder Name="/Solution Items/">
    <File Path=".editorconfig" />
  </Folder>
  <Folder Name="/src/">
    <Project Path="Catalog.Service/Catalog.Service.csproj" />
    <Project Path="Warranty.Service/Warranty.Service.csproj" Id="3a7da71f-0d8c-41a6-81f2-39311300d51f" />
    <Project Path="Notification.Service/Notification.Service.csproj" />
  </Folder>
</Solution>
